
Microsoft Visual Studio Solution File, Format Version 12.00
# Visual Studio 15
VisualStudioVersion = 15.0.26403.7
MinimumVisualStudioVersion = 10.0.40219.1
Project("{8BC9CEB8-8B4A-11D0-8D11-00A0C91BC942}") = "05", "05\05.vcxproj", "{7A03CCFE-81C5-49A1-9D28-5FB407B73932}"
EndProject
Project("{8BC9CEB8-8B4A-11D0-8D11-00A0C91BC942}") = "06", "06.c\06.c.vcxproj", "{E6E898AD-D4DD-4E4E-8DFA-4BFC8FE03E06}"
EndProject
Project("{8BC9CEB8-8B4A-11D0-8D11-00A0C91BC942}") = "07", "07\07.vcxproj", "{69C832A8-40B0-4798-BE2B-070F545720D2}"
EndProject
Project("{8BC9CEB8-8B4A-11D0-8D11-00A0C91BC942}") = "08", "08\08.vcxproj", "{0BCD070E-2127-4339-8088-0F735A9C7F8E}"
EndProject
Global
	GlobalSection(SolutionConfigurationPlatforms) = preSolution
		Debug|x64 = Debug|x64
		Debug|x86 = Debug|x86
		Release|x64 = Release|x64
		Release|x86 = Release|x86
	EndGlobalSection
	GlobalSection(ProjectConfigurationPlatforms) = postSolution
		{7A03CCFE-81C5-49A1-9D28-5FB407B73932}.Debug|x64.ActiveCfg = Debug|x64
		{7A03CCFE-81C5-49A1-9D28-5FB407B73932}.Debug|x64.Build.0 = Debug|x64
		{7A03CCFE-81C5-49A1-9D28-5FB407B73932}.Debug|x86.ActiveCfg = Debug|Win32
		{7A03CCFE-81C5-49A1-9D28-5FB407B73932}.Debug|x86.Build.0 = Debug|Win32
		{7A03CCFE-81C5-49A1-9D28-5FB407B73932}.Release|x64.ActiveCfg = Release|x64
		{7A03CCFE-81C5-49A1-9D28-5FB407B73932}.Release|x64.Build.0 = Release|x64
		{7A03CCFE-81C5-49A1-9D28-5FB407B73932}.Release|x86.ActiveCfg = Release|Win32
		{7A03CCFE-81C5-49A1-9D28-5FB407B73932}.Release|x86.Build.0 = Release|Win32
		{E6E898AD-D4DD-4E4E-8DFA-4BFC8FE03E06}.Debug|x64.ActiveCfg = Debug|x64
		{E6E898AD-D4DD-4E4E-8DFA-4BFC8FE03E06}.Debug|x64.Build.0 = Debug|x64
		{E6E898AD-D4DD-4E4E-8DFA-4BFC8FE03E06}.Debug|x86.ActiveCfg = Debug|Win32
		{E6E898AD-D4DD-4E4E-8DFA-4BFC8FE03E06}.Debug|x86.Build.0 = Debug|Win32
		{E6E898AD-D4DD-4E4E-8DFA-4BFC8FE03E06}.Release|x64.ActiveCfg = Release|x64
		{E6E898AD-D4DD-4E4E-8DFA-4BFC8FE03E06}.Release|x64.Build.0 = Release|x64
		{E6E898AD-D4DD-4E4E-8DFA-4BFC8FE03E06}.Release|x86.ActiveCfg = Release|Win32
		{E6E898AD-D4DD-4E4E-8DFA-4BFC8FE03E06}.Release|x86.Build.0 = Release|Win32
		{69C832A8-40B0-4798-BE2B-070F545720D2}.Debug|x64.ActiveCfg = Debug|x64
		{69C832A8-40B0-4798-BE2B-070F545720D2}.Debug|x64.Build.0 = Debug|x64
		{69C832A8-40B0-4798-BE2B-070F545720D2}.Debug|x86.ActiveCfg = Debug|Win32
		{69C832A8-40B0-4798-BE2B-070F545720D2}.Debug|x86.Build.0 = Debug|Win32
		{69C832A8-40B0-4798-BE2B-070F545720D2}.Release|x64.ActiveCfg = Release|x64
		{69C832A8-40B0-4798-BE2B-070F545720D2}.Release|x64.Build.0 = Release|x64
		{69C832A8-40B0-4798-BE2B-070F545720D2}.Release|x86.ActiveCfg = Release|Win32
		{69C832A8-40B0-4798-BE2B-070F545720D2}.Release|x86.Build.0 = Release|Win32
		{0BCD070E-2127-4339-8088-0F735A9C7F8E}.Debug|x64.ActiveCfg = Debug|x64
		{0BCD070E-2127-4339-8088-0F735A9C7F8E}.Debug|x64.Build.0 = Debug|x64
		{0BCD070E-2127-4339-8088-0F735A9C7F8E}.Debug|x86.ActiveCfg = Debug|Win32
		{0BCD070E-2127-4339-8088-0F735A9C7F8E}.Debug|x86.Build.0 = Debug|Win32
		{0BCD070E-2127-4339-8088-0F735A9C7F8E}.Release|x64.ActiveCfg = Release|x64
		{0BCD070E-2127-4339-8088-0F735A9C7F8E}.Release|x64.Build.0 = Release|x64
		{0BCD070E-2127-4339-8088-0F735A9C7F8E}.Release|x86.ActiveCfg = Release|Win32
		{0BCD070E-2127-4339-8088-0F735A9C7F8E}.Release|x86.Build.0 = Release|Win32
	EndGlobalSection
	GlobalSection(SolutionProperties) = preSolution
		HideSolutionNode = FALSE
	EndGlobalSection
EndGlobal
