
Microsoft Visual Studio Solution File, Format Version 12.00
# Visual Studio 15
VisualStudioVersion = 15.0.26403.7
MinimumVisualStudioVersion = 10.0.40219.1
Project("{8BC9CEB8-8B4A-11D0-8D11-00A0C91BC942}") = "5-5", "5-5\5-5.vcxproj", "{1D86249A-108D-4BE0-9A1D-FB5AC6762C20}"
EndProject
Project("{8BC9CEB8-8B4A-11D0-8D11-00A0C91BC942}") = "5-6", "5-6\5-6.vcxproj", "{1BC64899-65B9-4776-B296-FD27227E3BA5}"
EndProject
Project("{8BC9CEB8-8B4A-11D0-8D11-00A0C91BC942}") = "5-7", "5-7\5-7.vcxproj", "{4544B329-B150-472F-AD22-37ECAF5F8873}"
EndProject
Project("{8BC9CEB8-8B4A-11D0-8D11-00A0C91BC942}") = "5-8", "5-8\5-8.vcxproj", "{76B085FE-946D-4B38-9018-BB074A420B14}"
EndProject
Project("{8BC9CEB8-8B4A-11D0-8D11-00A0C91BC942}") = "5-9", "5-9\5-9.vcxproj", "{F89908B7-D5DB-4EF0-A077-C0FA450717AC}"
EndProject
Project("{8BC9CEB8-8B4A-11D0-8D11-00A0C91BC942}") = "5-10", "5-10\5-10.vcxproj", "{048E5F26-0710-4CAD-90D3-6A0741DFC401}"
EndProject
Project("{8BC9CEB8-8B4A-11D0-8D11-00A0C91BC942}") = "LAB 5-2", "LAB 5-2\LAB 5-2.vcxproj", "{18F57FC3-E793-455A-87D5-3C0CF55A56B0}"
EndProject
Project("{8BC9CEB8-8B4A-11D0-8D11-00A0C91BC942}") = "5-11", "5-11\5-11.vcxproj", "{47E25AD8-C880-4412-BFC3-ABE48F13EBAE}"
EndProject
Global
	GlobalSection(SolutionConfigurationPlatforms) = preSolution
		Debug|x64 = Debug|x64
		Debug|x86 = Debug|x86
		Release|x64 = Release|x64
		Release|x86 = Release|x86
	EndGlobalSection
	GlobalSection(ProjectConfigurationPlatforms) = postSolution
		{1D86249A-108D-4BE0-9A1D-FB5AC6762C20}.Debug|x64.ActiveCfg = Debug|x64
		{1D86249A-108D-4BE0-9A1D-FB5AC6762C20}.Debug|x64.Build.0 = Debug|x64
		{1D86249A-108D-4BE0-9A1D-FB5AC6762C20}.Debug|x86.ActiveCfg = Debug|Win32
		{1D86249A-108D-4BE0-9A1D-FB5AC6762C20}.Debug|x86.Build.0 = Debug|Win32
		{1D86249A-108D-4BE0-9A1D-FB5AC6762C20}.Release|x64.ActiveCfg = Release|x64
		{1D86249A-108D-4BE0-9A1D-FB5AC6762C20}.Release|x64.Build.0 = Release|x64
		{1D86249A-108D-4BE0-9A1D-FB5AC6762C20}.Release|x86.ActiveCfg = Release|Win32
		{1D86249A-108D-4BE0-9A1D-FB5AC6762C20}.Release|x86.Build.0 = Release|Win32
		{1BC64899-65B9-4776-B296-FD27227E3BA5}.Debug|x64.ActiveCfg = Debug|x64
		{1BC64899-65B9-4776-B296-FD27227E3BA5}.Debug|x64.Build.0 = Debug|x64
		{1BC64899-65B9-4776-B296-FD27227E3BA5}.Debug|x86.ActiveCfg = Debug|Win32
		{1BC64899-65B9-4776-B296-FD27227E3BA5}.Debug|x86.Build.0 = Debug|Win32
		{1BC64899-65B9-4776-B296-FD27227E3BA5}.Release|x64.ActiveCfg = Release|x64
		{1BC64899-65B9-4776-B296-FD27227E3BA5}.Release|x64.Build.0 = Release|x64
		{1BC64899-65B9-4776-B296-FD27227E3BA5}.Release|x86.ActiveCfg = Release|Win32
		{1BC64899-65B9-4776-B296-FD27227E3BA5}.Release|x86.Build.0 = Release|Win32
		{4544B329-B150-472F-AD22-37ECAF5F8873}.Debug|x64.ActiveCfg = Debug|x64
		{4544B329-B150-472F-AD22-37ECAF5F8873}.Debug|x64.Build.0 = Debug|x64
		{4544B329-B150-472F-AD22-37ECAF5F8873}.Debug|x86.ActiveCfg = Debug|Win32
		{4544B329-B150-472F-AD22-37ECAF5F8873}.Debug|x86.Build.0 = Debug|Win32
		{4544B329-B150-472F-AD22-37ECAF5F8873}.Release|x64.ActiveCfg = Release|x64
		{4544B329-B150-472F-AD22-37ECAF5F8873}.Release|x64.Build.0 = Release|x64
		{4544B329-B150-472F-AD22-37ECAF5F8873}.Release|x86.ActiveCfg = Release|Win32
		{4544B329-B150-472F-AD22-37ECAF5F8873}.Release|x86.Build.0 = Release|Win32
		{76B085FE-946D-4B38-9018-BB074A420B14}.Debug|x64.ActiveCfg = Debug|x64
		{76B085FE-946D-4B38-9018-BB074A420B14}.Debug|x64.Build.0 = Debug|x64
		{76B085FE-946D-4B38-9018-BB074A420B14}.Debug|x86.ActiveCfg = Debug|Win32
		{76B085FE-946D-4B38-9018-BB074A420B14}.Debug|x86.Build.0 = Debug|Win32
		{76B085FE-946D-4B38-9018-BB074A420B14}.Release|x64.ActiveCfg = Release|x64
		{76B085FE-946D-4B38-9018-BB074A420B14}.Release|x64.Build.0 = Release|x64
		{76B085FE-946D-4B38-9018-BB074A420B14}.Release|x86.ActiveCfg = Release|Win32
		{76B085FE-946D-4B38-9018-BB074A420B14}.Release|x86.Build.0 = Release|Win32
		{F89908B7-D5DB-4EF0-A077-C0FA450717AC}.Debug|x64.ActiveCfg = Debug|x64
		{F89908B7-D5DB-4EF0-A077-C0FA450717AC}.Debug|x64.Build.0 = Debug|x64
		{F89908B7-D5DB-4EF0-A077-C0FA450717AC}.Debug|x86.ActiveCfg = Debug|Win32
		{F89908B7-D5DB-4EF0-A077-C0FA450717AC}.Debug|x86.Build.0 = Debug|Win32
		{F89908B7-D5DB-4EF0-A077-C0FA450717AC}.Release|x64.ActiveCfg = Release|x64
		{F89908B7-D5DB-4EF0-A077-C0FA450717AC}.Release|x64.Build.0 = Release|x64
		{F89908B7-D5DB-4EF0-A077-C0FA450717AC}.Release|x86.ActiveCfg = Release|Win32
		{F89908B7-D5DB-4EF0-A077-C0FA450717AC}.Release|x86.Build.0 = Release|Win32
		{048E5F26-0710-4CAD-90D3-6A0741DFC401}.Debug|x64.ActiveCfg = Debug|x64
		{048E5F26-0710-4CAD-90D3-6A0741DFC401}.Debug|x64.Build.0 = Debug|x64
		{048E5F26-0710-4CAD-90D3-6A0741DFC401}.Debug|x86.ActiveCfg = Debug|Win32
		{048E5F26-0710-4CAD-90D3-6A0741DFC401}.Debug|x86.Build.0 = Debug|Win32
		{048E5F26-0710-4CAD-90D3-6A0741DFC401}.Release|x64.ActiveCfg = Release|x64
		{048E5F26-0710-4CAD-90D3-6A0741DFC401}.Release|x64.Build.0 = Release|x64
		{048E5F26-0710-4CAD-90D3-6A0741DFC401}.Release|x86.ActiveCfg = Release|Win32
		{048E5F26-0710-4CAD-90D3-6A0741DFC401}.Release|x86.Build.0 = Release|Win32
		{18F57FC3-E793-455A-87D5-3C0CF55A56B0}.Debug|x64.ActiveCfg = Debug|x64
		{18F57FC3-E793-455A-87D5-3C0CF55A56B0}.Debug|x64.Build.0 = Debug|x64
		{18F57FC3-E793-455A-87D5-3C0CF55A56B0}.Debug|x86.ActiveCfg = Debug|Win32
		{18F57FC3-E793-455A-87D5-3C0CF55A56B0}.Debug|x86.Build.0 = Debug|Win32
		{18F57FC3-E793-455A-87D5-3C0CF55A56B0}.Release|x64.ActiveCfg = Release|x64
		{18F57FC3-E793-455A-87D5-3C0CF55A56B0}.Release|x64.Build.0 = Release|x64
		{18F57FC3-E793-455A-87D5-3C0CF55A56B0}.Release|x86.ActiveCfg = Release|Win32
		{18F57FC3-E793-455A-87D5-3C0CF55A56B0}.Release|x86.Build.0 = Release|Win32
		{47E25AD8-C880-4412-BFC3-ABE48F13EBAE}.Debug|x64.ActiveCfg = Debug|x64
		{47E25AD8-C880-4412-BFC3-ABE48F13EBAE}.Debug|x64.Build.0 = Debug|x64
		{47E25AD8-C880-4412-BFC3-ABE48F13EBAE}.Debug|x86.ActiveCfg = Debug|Win32
		{47E25AD8-C880-4412-BFC3-ABE48F13EBAE}.Debug|x86.Build.0 = Debug|Win32
		{47E25AD8-C880-4412-BFC3-ABE48F13EBAE}.Release|x64.ActiveCfg = Release|x64
		{47E25AD8-C880-4412-BFC3-ABE48F13EBAE}.Release|x64.Build.0 = Release|x64
		{47E25AD8-C880-4412-BFC3-ABE48F13EBAE}.Release|x86.ActiveCfg = Release|Win32
		{47E25AD8-C880-4412-BFC3-ABE48F13EBAE}.Release|x86.Build.0 = Release|Win32
	EndGlobalSection
	GlobalSection(SolutionProperties) = preSolution
		HideSolutionNode = FALSE
	EndGlobalSection
EndGlobal
