
Microsoft Visual Studio Solution File, Format Version 12.00
# Visual Studio 15
VisualStudioVersion = 15.0.26403.7
MinimumVisualStudioVersion = 10.0.40219.1
Project("{8BC9CEB8-8B4A-11D0-8D11-00A0C91BC942}") = "Prj07", "실습예제 3-7\실습예제 3-7.vcxproj", "{B8884778-2AF6-4D6E-B710-22DAF2FF62CE}"
EndProject
Project("{8BC9CEB8-8B4A-11D0-8D11-00A0C91BC942}") = "Prj08", "Prj08\Prj08.vcxproj", "{D56E3B14-D729-4084-80E8-0EDB3ACB0693}"
EndProject
Project("{8BC9CEB8-8B4A-11D0-8D11-00A0C91BC942}") = "Prj09", "Prj09\Prj09.vcxproj", "{007027BB-0B78-4914-979C-3F9972CD0358}"
EndProject
Project("{8BC9CEB8-8B4A-11D0-8D11-00A0C91BC942}") = "Lab 3-2", "Lab 3-2\Lab 3-2.vcxproj", "{8DAF31D7-42EC-4899-9A23-125E7C12FB99}"
EndProject
Project("{8BC9CEB8-8B4A-11D0-8D11-00A0C91BC942}") = "Prj10", "Prj10\Prj10.vcxproj", "{7ACF0777-E7C8-401C-A3B7-5480D55DCE67}"
EndProject
Project("{8BC9CEB8-8B4A-11D0-8D11-00A0C91BC942}") = "Prj12", "Prj12\Prj12.vcxproj", "{8D5F43D0-508D-42F1-9FFA-9782B1D30C06}"
EndProject
Project("{8BC9CEB8-8B4A-11D0-8D11-00A0C91BC942}") = "Prj13", "Prj13\Prj13.vcxproj", "{603979D6-E4E2-463F-83E4-108890AA1D74}"
EndProject
Global
	GlobalSection(SolutionConfigurationPlatforms) = preSolution
		Debug|x64 = Debug|x64
		Debug|x86 = Debug|x86
		Release|x64 = Release|x64
		Release|x86 = Release|x86
	EndGlobalSection
	GlobalSection(ProjectConfigurationPlatforms) = postSolution
		{B8884778-2AF6-4D6E-B710-22DAF2FF62CE}.Debug|x64.ActiveCfg = Debug|x64
		{B8884778-2AF6-4D6E-B710-22DAF2FF62CE}.Debug|x64.Build.0 = Debug|x64
		{B8884778-2AF6-4D6E-B710-22DAF2FF62CE}.Debug|x86.ActiveCfg = Debug|Win32
		{B8884778-2AF6-4D6E-B710-22DAF2FF62CE}.Debug|x86.Build.0 = Debug|Win32
		{B8884778-2AF6-4D6E-B710-22DAF2FF62CE}.Release|x64.ActiveCfg = Release|x64
		{B8884778-2AF6-4D6E-B710-22DAF2FF62CE}.Release|x64.Build.0 = Release|x64
		{B8884778-2AF6-4D6E-B710-22DAF2FF62CE}.Release|x86.ActiveCfg = Release|Win32
		{B8884778-2AF6-4D6E-B710-22DAF2FF62CE}.Release|x86.Build.0 = Release|Win32
		{D56E3B14-D729-4084-80E8-0EDB3ACB0693}.Debug|x64.ActiveCfg = Debug|x64
		{D56E3B14-D729-4084-80E8-0EDB3ACB0693}.Debug|x64.Build.0 = Debug|x64
		{D56E3B14-D729-4084-80E8-0EDB3ACB0693}.Debug|x86.ActiveCfg = Debug|Win32
		{D56E3B14-D729-4084-80E8-0EDB3ACB0693}.Debug|x86.Build.0 = Debug|Win32
		{D56E3B14-D729-4084-80E8-0EDB3ACB0693}.Release|x64.ActiveCfg = Release|x64
		{D56E3B14-D729-4084-80E8-0EDB3ACB0693}.Release|x64.Build.0 = Release|x64
		{D56E3B14-D729-4084-80E8-0EDB3ACB0693}.Release|x86.ActiveCfg = Release|Win32
		{D56E3B14-D729-4084-80E8-0EDB3ACB0693}.Release|x86.Build.0 = Release|Win32
		{007027BB-0B78-4914-979C-3F9972CD0358}.Debug|x64.ActiveCfg = Debug|x64
		{007027BB-0B78-4914-979C-3F9972CD0358}.Debug|x64.Build.0 = Debug|x64
		{007027BB-0B78-4914-979C-3F9972CD0358}.Debug|x86.ActiveCfg = Debug|Win32
		{007027BB-0B78-4914-979C-3F9972CD0358}.Debug|x86.Build.0 = Debug|Win32
		{007027BB-0B78-4914-979C-3F9972CD0358}.Release|x64.ActiveCfg = Release|x64
		{007027BB-0B78-4914-979C-3F9972CD0358}.Release|x64.Build.0 = Release|x64
		{007027BB-0B78-4914-979C-3F9972CD0358}.Release|x86.ActiveCfg = Release|Win32
		{007027BB-0B78-4914-979C-3F9972CD0358}.Release|x86.Build.0 = Release|Win32
		{8DAF31D7-42EC-4899-9A23-125E7C12FB99}.Debug|x64.ActiveCfg = Debug|x64
		{8DAF31D7-42EC-4899-9A23-125E7C12FB99}.Debug|x64.Build.0 = Debug|x64
		{8DAF31D7-42EC-4899-9A23-125E7C12FB99}.Debug|x86.ActiveCfg = Debug|Win32
		{8DAF31D7-42EC-4899-9A23-125E7C12FB99}.Debug|x86.Build.0 = Debug|Win32
		{8DAF31D7-42EC-4899-9A23-125E7C12FB99}.Release|x64.ActiveCfg = Release|x64
		{8DAF31D7-42EC-4899-9A23-125E7C12FB99}.Release|x64.Build.0 = Release|x64
		{8DAF31D7-42EC-4899-9A23-125E7C12FB99}.Release|x86.ActiveCfg = Release|Win32
		{8DAF31D7-42EC-4899-9A23-125E7C12FB99}.Release|x86.Build.0 = Release|Win32
		{7ACF0777-E7C8-401C-A3B7-5480D55DCE67}.Debug|x64.ActiveCfg = Debug|x64
		{7ACF0777-E7C8-401C-A3B7-5480D55DCE67}.Debug|x64.Build.0 = Debug|x64
		{7ACF0777-E7C8-401C-A3B7-5480D55DCE67}.Debug|x86.ActiveCfg = Debug|Win32
		{7ACF0777-E7C8-401C-A3B7-5480D55DCE67}.Debug|x86.Build.0 = Debug|Win32
		{7ACF0777-E7C8-401C-A3B7-5480D55DCE67}.Release|x64.ActiveCfg = Release|x64
		{7ACF0777-E7C8-401C-A3B7-5480D55DCE67}.Release|x64.Build.0 = Release|x64
		{7ACF0777-E7C8-401C-A3B7-5480D55DCE67}.Release|x86.ActiveCfg = Release|Win32
		{7ACF0777-E7C8-401C-A3B7-5480D55DCE67}.Release|x86.Build.0 = Release|Win32
		{8D5F43D0-508D-42F1-9FFA-9782B1D30C06}.Debug|x64.ActiveCfg = Debug|x64
		{8D5F43D0-508D-42F1-9FFA-9782B1D30C06}.Debug|x64.Build.0 = Debug|x64
		{8D5F43D0-508D-42F1-9FFA-9782B1D30C06}.Debug|x86.ActiveCfg = Debug|Win32
		{8D5F43D0-508D-42F1-9FFA-9782B1D30C06}.Debug|x86.Build.0 = Debug|Win32
		{8D5F43D0-508D-42F1-9FFA-9782B1D30C06}.Release|x64.ActiveCfg = Release|x64
		{8D5F43D0-508D-42F1-9FFA-9782B1D30C06}.Release|x64.Build.0 = Release|x64
		{8D5F43D0-508D-42F1-9FFA-9782B1D30C06}.Release|x86.ActiveCfg = Release|Win32
		{8D5F43D0-508D-42F1-9FFA-9782B1D30C06}.Release|x86.Build.0 = Release|Win32
		{603979D6-E4E2-463F-83E4-108890AA1D74}.Debug|x64.ActiveCfg = Debug|x64
		{603979D6-E4E2-463F-83E4-108890AA1D74}.Debug|x64.Build.0 = Debug|x64
		{603979D6-E4E2-463F-83E4-108890AA1D74}.Debug|x86.ActiveCfg = Debug|Win32
		{603979D6-E4E2-463F-83E4-108890AA1D74}.Debug|x86.Build.0 = Debug|Win32
		{603979D6-E4E2-463F-83E4-108890AA1D74}.Release|x64.ActiveCfg = Release|x64
		{603979D6-E4E2-463F-83E4-108890AA1D74}.Release|x64.Build.0 = Release|x64
		{603979D6-E4E2-463F-83E4-108890AA1D74}.Release|x86.ActiveCfg = Release|Win32
		{603979D6-E4E2-463F-83E4-108890AA1D74}.Release|x86.Build.0 = Release|Win32
	EndGlobalSection
	GlobalSection(SolutionProperties) = preSolution
		HideSolutionNode = FALSE
	EndGlobalSection
EndGlobal
