
Microsoft Visual Studio Solution File, Format Version 12.00
# Visual Studio 15
VisualStudioVersion = 15.0.26403.7
MinimumVisualStudioVersion = 10.0.40219.1
Project("{8BC9CEB8-8B4A-11D0-8D11-00A0C91BC942}") = "4-6", "4-6\4-6.vcxproj", "{B96420A3-E3BF-4797-B4BB-F1B1FAC3494E}"
EndProject
Project("{8BC9CEB8-8B4A-11D0-8D11-00A0C91BC942}") = "4-7", "4-7\4-7.vcxproj", "{9EA25E90-1FC1-4ACB-AE47-362E2363FF0C}"
EndProject
Project("{8BC9CEB8-8B4A-11D0-8D11-00A0C91BC942}") = "4-8", "4-8\4-8.vcxproj", "{E7EA854B-B183-4A8D-805A-A48E81C2AAC8}"
EndProject
Project("{8BC9CEB8-8B4A-11D0-8D11-00A0C91BC942}") = "Lab4-2", "Lab4-2\Lab4-2.vcxproj", "{15F44629-4F4C-4B25-9047-D24038C4813A}"
EndProject
Project("{8BC9CEB8-8B4A-11D0-8D11-00A0C91BC942}") = "4-9", "4-9\4-9.vcxproj", "{652048F6-15F7-4FDF-83BB-57E2C092D39D}"
EndProject
Project("{8BC9CEB8-8B4A-11D0-8D11-00A0C91BC942}") = "4-10", "4-10\4-10.vcxproj", "{86E1BAAA-E018-4D28-9D28-C6EA4A4F5074}"
EndProject
Project("{8BC9CEB8-8B4A-11D0-8D11-00A0C91BC942}") = "4-11", "4-11\4-11.vcxproj", "{A7A996B1-8085-4936-90C7-EA990AB344E8}"
EndProject
Project("{8BC9CEB8-8B4A-11D0-8D11-00A0C91BC942}") = "4-12", "4-12\4-12.vcxproj", "{9378882F-E808-4152-BA49-5B66F109A926}"
EndProject
Global
	GlobalSection(SolutionConfigurationPlatforms) = preSolution
		Debug|x64 = Debug|x64
		Debug|x86 = Debug|x86
		Release|x64 = Release|x64
		Release|x86 = Release|x86
	EndGlobalSection
	GlobalSection(ProjectConfigurationPlatforms) = postSolution
		{B96420A3-E3BF-4797-B4BB-F1B1FAC3494E}.Debug|x64.ActiveCfg = Debug|x64
		{B96420A3-E3BF-4797-B4BB-F1B1FAC3494E}.Debug|x64.Build.0 = Debug|x64
		{B96420A3-E3BF-4797-B4BB-F1B1FAC3494E}.Debug|x86.ActiveCfg = Debug|Win32
		{B96420A3-E3BF-4797-B4BB-F1B1FAC3494E}.Debug|x86.Build.0 = Debug|Win32
		{B96420A3-E3BF-4797-B4BB-F1B1FAC3494E}.Release|x64.ActiveCfg = Release|x64
		{B96420A3-E3BF-4797-B4BB-F1B1FAC3494E}.Release|x64.Build.0 = Release|x64
		{B96420A3-E3BF-4797-B4BB-F1B1FAC3494E}.Release|x86.ActiveCfg = Release|Win32
		{B96420A3-E3BF-4797-B4BB-F1B1FAC3494E}.Release|x86.Build.0 = Release|Win32
		{9EA25E90-1FC1-4ACB-AE47-362E2363FF0C}.Debug|x64.ActiveCfg = Debug|x64
		{9EA25E90-1FC1-4ACB-AE47-362E2363FF0C}.Debug|x64.Build.0 = Debug|x64
		{9EA25E90-1FC1-4ACB-AE47-362E2363FF0C}.Debug|x86.ActiveCfg = Debug|Win32
		{9EA25E90-1FC1-4ACB-AE47-362E2363FF0C}.Debug|x86.Build.0 = Debug|Win32
		{9EA25E90-1FC1-4ACB-AE47-362E2363FF0C}.Release|x64.ActiveCfg = Release|x64
		{9EA25E90-1FC1-4ACB-AE47-362E2363FF0C}.Release|x64.Build.0 = Release|x64
		{9EA25E90-1FC1-4ACB-AE47-362E2363FF0C}.Release|x86.ActiveCfg = Release|Win32
		{9EA25E90-1FC1-4ACB-AE47-362E2363FF0C}.Release|x86.Build.0 = Release|Win32
		{E7EA854B-B183-4A8D-805A-A48E81C2AAC8}.Debug|x64.ActiveCfg = Debug|x64
		{E7EA854B-B183-4A8D-805A-A48E81C2AAC8}.Debug|x64.Build.0 = Debug|x64
		{E7EA854B-B183-4A8D-805A-A48E81C2AAC8}.Debug|x86.ActiveCfg = Debug|Win32
		{E7EA854B-B183-4A8D-805A-A48E81C2AAC8}.Debug|x86.Build.0 = Debug|Win32
		{E7EA854B-B183-4A8D-805A-A48E81C2AAC8}.Release|x64.ActiveCfg = Release|x64
		{E7EA854B-B183-4A8D-805A-A48E81C2AAC8}.Release|x64.Build.0 = Release|x64
		{E7EA854B-B183-4A8D-805A-A48E81C2AAC8}.Release|x86.ActiveCfg = Release|Win32
		{E7EA854B-B183-4A8D-805A-A48E81C2AAC8}.Release|x86.Build.0 = Release|Win32
		{15F44629-4F4C-4B25-9047-D24038C4813A}.Debug|x64.ActiveCfg = Debug|x64
		{15F44629-4F4C-4B25-9047-D24038C4813A}.Debug|x64.Build.0 = Debug|x64
		{15F44629-4F4C-4B25-9047-D24038C4813A}.Debug|x86.ActiveCfg = Debug|Win32
		{15F44629-4F4C-4B25-9047-D24038C4813A}.Debug|x86.Build.0 = Debug|Win32
		{15F44629-4F4C-4B25-9047-D24038C4813A}.Release|x64.ActiveCfg = Release|x64
		{15F44629-4F4C-4B25-9047-D24038C4813A}.Release|x64.Build.0 = Release|x64
		{15F44629-4F4C-4B25-9047-D24038C4813A}.Release|x86.ActiveCfg = Release|Win32
		{15F44629-4F4C-4B25-9047-D24038C4813A}.Release|x86.Build.0 = Release|Win32
		{652048F6-15F7-4FDF-83BB-57E2C092D39D}.Debug|x64.ActiveCfg = Debug|x64
		{652048F6-15F7-4FDF-83BB-57E2C092D39D}.Debug|x64.Build.0 = Debug|x64
		{652048F6-15F7-4FDF-83BB-57E2C092D39D}.Debug|x86.ActiveCfg = Debug|Win32
		{652048F6-15F7-4FDF-83BB-57E2C092D39D}.Debug|x86.Build.0 = Debug|Win32
		{652048F6-15F7-4FDF-83BB-57E2C092D39D}.Release|x64.ActiveCfg = Release|x64
		{652048F6-15F7-4FDF-83BB-57E2C092D39D}.Release|x64.Build.0 = Release|x64
		{652048F6-15F7-4FDF-83BB-57E2C092D39D}.Release|x86.ActiveCfg = Release|Win32
		{652048F6-15F7-4FDF-83BB-57E2C092D39D}.Release|x86.Build.0 = Release|Win32
		{86E1BAAA-E018-4D28-9D28-C6EA4A4F5074}.Debug|x64.ActiveCfg = Debug|x64
		{86E1BAAA-E018-4D28-9D28-C6EA4A4F5074}.Debug|x64.Build.0 = Debug|x64
		{86E1BAAA-E018-4D28-9D28-C6EA4A4F5074}.Debug|x86.ActiveCfg = Debug|Win32
		{86E1BAAA-E018-4D28-9D28-C6EA4A4F5074}.Debug|x86.Build.0 = Debug|Win32
		{86E1BAAA-E018-4D28-9D28-C6EA4A4F5074}.Release|x64.ActiveCfg = Release|x64
		{86E1BAAA-E018-4D28-9D28-C6EA4A4F5074}.Release|x64.Build.0 = Release|x64
		{86E1BAAA-E018-4D28-9D28-C6EA4A4F5074}.Release|x86.ActiveCfg = Release|Win32
		{86E1BAAA-E018-4D28-9D28-C6EA4A4F5074}.Release|x86.Build.0 = Release|Win32
		{A7A996B1-8085-4936-90C7-EA990AB344E8}.Debug|x64.ActiveCfg = Debug|x64
		{A7A996B1-8085-4936-90C7-EA990AB344E8}.Debug|x64.Build.0 = Debug|x64
		{A7A996B1-8085-4936-90C7-EA990AB344E8}.Debug|x86.ActiveCfg = Debug|Win32
		{A7A996B1-8085-4936-90C7-EA990AB344E8}.Debug|x86.Build.0 = Debug|Win32
		{A7A996B1-8085-4936-90C7-EA990AB344E8}.Release|x64.ActiveCfg = Release|x64
		{A7A996B1-8085-4936-90C7-EA990AB344E8}.Release|x64.Build.0 = Release|x64
		{A7A996B1-8085-4936-90C7-EA990AB344E8}.Release|x86.ActiveCfg = Release|Win32
		{A7A996B1-8085-4936-90C7-EA990AB344E8}.Release|x86.Build.0 = Release|Win32
		{9378882F-E808-4152-BA49-5B66F109A926}.Debug|x64.ActiveCfg = Debug|x64
		{9378882F-E808-4152-BA49-5B66F109A926}.Debug|x64.Build.0 = Debug|x64
		{9378882F-E808-4152-BA49-5B66F109A926}.Debug|x86.ActiveCfg = Debug|Win32
		{9378882F-E808-4152-BA49-5B66F109A926}.Debug|x86.Build.0 = Debug|Win32
		{9378882F-E808-4152-BA49-5B66F109A926}.Release|x64.ActiveCfg = Release|x64
		{9378882F-E808-4152-BA49-5B66F109A926}.Release|x64.Build.0 = Release|x64
		{9378882F-E808-4152-BA49-5B66F109A926}.Release|x86.ActiveCfg = Release|Win32
		{9378882F-E808-4152-BA49-5B66F109A926}.Release|x86.Build.0 = Release|Win32
	EndGlobalSection
	GlobalSection(SolutionProperties) = preSolution
		HideSolutionNode = FALSE
	EndGlobalSection
EndGlobal
